{
  "name": "ajs-platforms-use-node",
  "version": "1.0.0",
  "lockfileVersion": 2,
  "requires": true,
  "packages": {
    "": {
      "name": "ajs-platforms-use-node",
      "version": "1.0.0",
      "license": "ISC",
      "dependencies": {
        "@toha62/ajspackage": "^1.0.0"
      }
    },
    "node_modules/@toha62/ajspackage": {
      "version": "1.0.0",
      "resolved": "https://npm.pkg.github.com/download/@toha62/ajspackage/1.0.0/4f9b0a0c415dc7c8c0d3aa6e1eae4fe8c1f972ee",
      "integrity": "sha512-U1jxRx1B0h8gCACQsDqvqBB/I5rVLvI9w1L4/16o/JubcHO3VUBGBZfZu3mahS59+HGEWvJsoL38+cEXv2f1EA==",
      "license": "ISC"
    }
  },
  "dependencies": {
    "@toha62/ajspackage": {
      "version": "1.0.0",
      "resolved": "https://npm.pkg.github.com/download/@toha62/ajspackage/1.0.0/4f9b0a0c415dc7c8c0d3aa6e1eae4fe8c1f972ee",
      "integrity": "sha512-U1jxRx1B0h8gCACQsDqvqBB/I5rVLvI9w1L4/16o/JubcHO3VUBGBZfZu3mahS59+HGEWvJsoL38+cEXv2f1EA=="
    }
  }
}
