{
  "name": "ajs-platforms-use-node",
  "version": "1.0.0",
  "lockfileVersion": 2,
  "requires": true,
  "packages": {
    "": {
      "name": "ajs-platforms-use-node",
      "version": "1.0.0",
      "license": "ISC",
      "dependencies": {
        "@toha62/ajs-platforms": "^1.0.1"
      }
    },
    "node_modules/@toha62/ajs-platforms": {
      "version": "1.0.1",
      "resolved": "https://npm.pkg.github.com/download/@toha62/ajs-platforms/1.0.1/68ffa2ed284699457e0adc37074cf6ffc530614e",
      "integrity": "sha512-LUmZAWq4fc7J+1zn8Bduv4QMJwa0kypea2IMoP2wIPN9+pYOz3CPrSY06ut/HdACf38dOnC1UQaXHK5j6kHpqw==",
      "license": "ISC"
    }
  },
  "dependencies": {
    "@toha62/ajs-platforms": {
      "version": "1.0.1",
      "resolved": "https://npm.pkg.github.com/download/@toha62/ajs-platforms/1.0.1/68ffa2ed284699457e0adc37074cf6ffc530614e",
      "integrity": "sha512-LUmZAWq4fc7J+1zn8Bduv4QMJwa0kypea2IMoP2wIPN9+pYOz3CPrSY06ut/HdACf38dOnC1UQaXHK5j6kHpqw=="
    }
  }
}
